
Microsoft Visual Studio Solution File, Format Version 12.00
# Visual Studio 14
VisualStudioVersion = 14.0.25420.1
MinimumVisualStudioVersion = 10.0.40219.1
Project("{FAE04EC0-301F-11D3-BF4B-00C04F79EFBC}") = "TestingCsharp", "TestingCsharp\TestingCsharp.csproj", "{722EDFF8-CD2D-4F13-B842-1C5DA4953D80}"
EndProject
Project("{FAE04EC0-301F-11D3-BF4B-00C04F79EFBC}") = "Inheritance", "Inheritance\Inheritance.csproj", "{19F85B15-5E31-4CB5-AE22-BD1AFA37BC3F}"
EndProject
Project("{FAE04EC0-301F-11D3-BF4B-00C04F79EFBC}") = "transtypage", "transtypage\transtypage.csproj", "{9659F44E-2637-4C31-B55C-0CBDFD0ED07D}"
EndProject
Project("{FAE04EC0-301F-11D3-BF4B-00C04F79EFBC}") = "DatabaseConnection", "DatabaseConnection\DatabaseConnection.csproj", "{67629CE8-6307-42C5-B881-F929D6A3E0BF}"
EndProject
Global
	GlobalSection(SolutionConfigurationPlatforms) = preSolution
		Debug|Any CPU = Debug|Any CPU
		Release|Any CPU = Release|Any CPU
	EndGlobalSection
	GlobalSection(ProjectConfigurationPlatforms) = postSolution
		{722EDFF8-CD2D-4F13-B842-1C5DA4953D80}.Debug|Any CPU.ActiveCfg = Debug|Any CPU
		{722EDFF8-CD2D-4F13-B842-1C5DA4953D80}.Debug|Any CPU.Build.0 = Debug|Any CPU
		{722EDFF8-CD2D-4F13-B842-1C5DA4953D80}.Release|Any CPU.ActiveCfg = Release|Any CPU
		{722EDFF8-CD2D-4F13-B842-1C5DA4953D80}.Release|Any CPU.Build.0 = Release|Any CPU
		{19F85B15-5E31-4CB5-AE22-BD1AFA37BC3F}.Debug|Any CPU.ActiveCfg = Debug|Any CPU
		{19F85B15-5E31-4CB5-AE22-BD1AFA37BC3F}.Debug|Any CPU.Build.0 = Debug|Any CPU
		{19F85B15-5E31-4CB5-AE22-BD1AFA37BC3F}.Release|Any CPU.ActiveCfg = Release|Any CPU
		{19F85B15-5E31-4CB5-AE22-BD1AFA37BC3F}.Release|Any CPU.Build.0 = Release|Any CPU
		{9659F44E-2637-4C31-B55C-0CBDFD0ED07D}.Debug|Any CPU.ActiveCfg = Debug|Any CPU
		{9659F44E-2637-4C31-B55C-0CBDFD0ED07D}.Debug|Any CPU.Build.0 = Debug|Any CPU
		{9659F44E-2637-4C31-B55C-0CBDFD0ED07D}.Release|Any CPU.ActiveCfg = Release|Any CPU
		{9659F44E-2637-4C31-B55C-0CBDFD0ED07D}.Release|Any CPU.Build.0 = Release|Any CPU
		{67629CE8-6307-42C5-B881-F929D6A3E0BF}.Debug|Any CPU.ActiveCfg = Debug|Any CPU
		{67629CE8-6307-42C5-B881-F929D6A3E0BF}.Debug|Any CPU.Build.0 = Debug|Any CPU
		{67629CE8-6307-42C5-B881-F929D6A3E0BF}.Release|Any CPU.ActiveCfg = Release|Any CPU
		{67629CE8-6307-42C5-B881-F929D6A3E0BF}.Release|Any CPU.Build.0 = Release|Any CPU
	EndGlobalSection
	GlobalSection(SolutionProperties) = preSolution
		HideSolutionNode = FALSE
	EndGlobalSection
EndGlobal
